
Microsoft Visual Studio Solution File, Format Version 12.00
# Visual Studio Version 16
VisualStudioVersion = 16.0.29509.3
MinimumVisualStudioVersion = 10.0.40219.1
Project("{FAE04EC0-301F-11D3-BF4B-00C04F79EFBC}") = "WebAPIETicaret", "WebAPIETicaret\WebAPIETicaret.csproj", "{20368B5B-C382-413B-A2CB-E5678ECD5DED}"
EndProject
Global
	GlobalSection(SolutionConfigurationPlatforms) = preSolution
		Debug|Any CPU = Debug|Any CPU
		Release|Any CPU = Release|Any CPU
	EndGlobalSection
	GlobalSection(ProjectConfigurationPlatforms) = postSolution
		{20368B5B-C382-413B-A2CB-E5678ECD5DED}.Debug|Any CPU.ActiveCfg = Debug|Any CPU
		{20368B5B-C382-413B-A2CB-E5678ECD5DED}.Debug|Any CPU.Build.0 = Debug|Any CPU
		{20368B5B-C382-413B-A2CB-E5678ECD5DED}.Release|Any CPU.ActiveCfg = Release|Any CPU
		{20368B5B-C382-413B-A2CB-E5678ECD5DED}.Release|Any CPU.Build.0 = Release|Any CPU
	EndGlobalSection
	GlobalSection(SolutionProperties) = preSolution
		HideSolutionNode = FALSE
	EndGlobalSection
	GlobalSection(ExtensibilityGlobals) = postSolution
		SolutionGuid = {45BBD139-76DB-4761-9ADE-D5F5E26CCF39}
	EndGlobalSection
EndGlobal
